
Microsoft Visual Studio Solution File, Format Version 12.00
# Visual Studio 14
VisualStudioVersion = 14.0.25420.1
MinimumVisualStudioVersion = 10.0.40219.1
Project("{FAE04EC0-301F-11D3-BF4B-00C04F79EFBC}") = "teht01", "teht01\teht01.csproj", "{101F0DBC-4EDD-4501-8A6E-E63F787298FC}"
EndProject
Project("{FAE04EC0-301F-11D3-BF4B-00C04F79EFBC}") = "teht02", "teht2\teht02.csproj", "{856B4147-3DF3-4BA8-AA74-32DD340DA68B}"
EndProject
Project("{FAE04EC0-301F-11D3-BF4B-00C04F79EFBC}") = "teht03", "teht3\teht03.csproj", "{D0AD8EF9-5FED-4FAA-B904-DB92A261E3ED}"
EndProject
Project("{FAE04EC0-301F-11D3-BF4B-00C04F79EFBC}") = "teht04", "har4\teht04.csproj", "{44C1E969-0BFA-48A7-8CDD-36D1535FC23B}"
EndProject
Project("{FAE04EC0-301F-11D3-BF4B-00C04F79EFBC}") = "teht05", "teht5\teht05.csproj", "{BCF9838D-04A2-46A2-B0F7-5A7367847394}"
EndProject
Project("{FAE04EC0-301F-11D3-BF4B-00C04F79EFBC}") = "teht06", "teht6\teht06.csproj", "{61799D0C-B79B-4A01-950F-1191060AACDC}"
EndProject
Project("{FAE04EC0-301F-11D3-BF4B-00C04F79EFBC}") = "teht07", "teht7\teht07.csproj", "{03E78E31-A89D-4BAC-9E3B-C0CC8C6FA5BA}"
EndProject
Project("{FAE04EC0-301F-11D3-BF4B-00C04F79EFBC}") = "teht08", "teht8\teht08.csproj", "{F297C2F3-5B17-4666-9D69-5A46934AFCE6}"
EndProject
Project("{FAE04EC0-301F-11D3-BF4B-00C04F79EFBC}") = "teht09", "teht9\teht09.csproj", "{86C50023-94D0-4D51-8B36-D183C1E1C44E}"
EndProject
Project("{FAE04EC0-301F-11D3-BF4B-00C04F79EFBC}") = "teht10kesken", "teht10\teht10kesken.csproj", "{A2D073F8-58A6-41CE-B62C-2B1E058A44F1}"
EndProject
Project("{FAE04EC0-301F-11D3-BF4B-00C04F79EFBC}") = "teht11", "teht11\teht11.csproj", "{11B92E48-6C71-499C-BE89-7BBDFF5D9FAB}"
EndProject
Project("{FAE04EC0-301F-11D3-BF4B-00C04F79EFBC}") = "teht12", "12\teht12.csproj", "{301B0FF2-E9AE-43E8-86C7-FAF6A3EF7D53}"
EndProject
Project("{FAE04EC0-301F-11D3-BF4B-00C04F79EFBC}") = "teht13", "teht13\teht13.csproj", "{B73E8FCD-C3B8-443C-ACC9-45D72D173001}"
EndProject
Project("{FAE04EC0-301F-11D3-BF4B-00C04F79EFBC}") = "teht14", "teht14\teht14.csproj", "{41417DD2-572C-41D3-B714-D2589B20B2A0}"
EndProject
Project("{FAE04EC0-301F-11D3-BF4B-00C04F79EFBC}") = "teht15", "15\teht15.csproj", "{77B4FFB8-2848-42F3-A260-9465E7F1CEDC}"
EndProject
Project("{FAE04EC0-301F-11D3-BF4B-00C04F79EFBC}") = "teht16", "teht16\teht16.csproj", "{D3C29902-D856-4C64-B886-6CB3F8180BA1}"
EndProject
Project("{FAE04EC0-301F-11D3-BF4B-00C04F79EFBC}") = "teht17", "teht17\teht17.csproj", "{91545F90-94BC-4275-8976-58BCCA8A1212}"
EndProject
Project("{FAE04EC0-301F-11D3-BF4B-00C04F79EFBC}") = "teht18", "teht18\teht18.csproj", "{7C71DF12-2577-474E-91C2-FE46DC7A5DB5}"
EndProject
Global
	GlobalSection(SolutionConfigurationPlatforms) = preSolution
		Debug|Any CPU = Debug|Any CPU
		Release|Any CPU = Release|Any CPU
	EndGlobalSection
	GlobalSection(ProjectConfigurationPlatforms) = postSolution
		{101F0DBC-4EDD-4501-8A6E-E63F787298FC}.Debug|Any CPU.ActiveCfg = Debug|Any CPU
		{101F0DBC-4EDD-4501-8A6E-E63F787298FC}.Debug|Any CPU.Build.0 = Debug|Any CPU
		{101F0DBC-4EDD-4501-8A6E-E63F787298FC}.Release|Any CPU.ActiveCfg = Release|Any CPU
		{101F0DBC-4EDD-4501-8A6E-E63F787298FC}.Release|Any CPU.Build.0 = Release|Any CPU
		{856B4147-3DF3-4BA8-AA74-32DD340DA68B}.Debug|Any CPU.ActiveCfg = Debug|Any CPU
		{856B4147-3DF3-4BA8-AA74-32DD340DA68B}.Debug|Any CPU.Build.0 = Debug|Any CPU
		{856B4147-3DF3-4BA8-AA74-32DD340DA68B}.Release|Any CPU.ActiveCfg = Release|Any CPU
		{856B4147-3DF3-4BA8-AA74-32DD340DA68B}.Release|Any CPU.Build.0 = Release|Any CPU
		{D0AD8EF9-5FED-4FAA-B904-DB92A261E3ED}.Debug|Any CPU.ActiveCfg = Debug|Any CPU
		{D0AD8EF9-5FED-4FAA-B904-DB92A261E3ED}.Debug|Any CPU.Build.0 = Debug|Any CPU
		{D0AD8EF9-5FED-4FAA-B904-DB92A261E3ED}.Release|Any CPU.ActiveCfg = Release|Any CPU
		{D0AD8EF9-5FED-4FAA-B904-DB92A261E3ED}.Release|Any CPU.Build.0 = Release|Any CPU
		{44C1E969-0BFA-48A7-8CDD-36D1535FC23B}.Debug|Any CPU.ActiveCfg = Debug|Any CPU
		{44C1E969-0BFA-48A7-8CDD-36D1535FC23B}.Debug|Any CPU.Build.0 = Debug|Any CPU
		{44C1E969-0BFA-48A7-8CDD-36D1535FC23B}.Release|Any CPU.ActiveCfg = Release|Any CPU
		{44C1E969-0BFA-48A7-8CDD-36D1535FC23B}.Release|Any CPU.Build.0 = Release|Any CPU
		{BCF9838D-04A2-46A2-B0F7-5A7367847394}.Debug|Any CPU.ActiveCfg = Debug|Any CPU
		{BCF9838D-04A2-46A2-B0F7-5A7367847394}.Debug|Any CPU.Build.0 = Debug|Any CPU
		{BCF9838D-04A2-46A2-B0F7-5A7367847394}.Release|Any CPU.ActiveCfg = Release|Any CPU
		{BCF9838D-04A2-46A2-B0F7-5A7367847394}.Release|Any CPU.Build.0 = Release|Any CPU
		{61799D0C-B79B-4A01-950F-1191060AACDC}.Debug|Any CPU.ActiveCfg = Debug|Any CPU
		{61799D0C-B79B-4A01-950F-1191060AACDC}.Debug|Any CPU.Build.0 = Debug|Any CPU
		{61799D0C-B79B-4A01-950F-1191060AACDC}.Release|Any CPU.ActiveCfg = Release|Any CPU
		{61799D0C-B79B-4A01-950F-1191060AACDC}.Release|Any CPU.Build.0 = Release|Any CPU
		{03E78E31-A89D-4BAC-9E3B-C0CC8C6FA5BA}.Debug|Any CPU.ActiveCfg = Debug|Any CPU
		{03E78E31-A89D-4BAC-9E3B-C0CC8C6FA5BA}.Debug|Any CPU.Build.0 = Debug|Any CPU
		{03E78E31-A89D-4BAC-9E3B-C0CC8C6FA5BA}.Release|Any CPU.ActiveCfg = Release|Any CPU
		{03E78E31-A89D-4BAC-9E3B-C0CC8C6FA5BA}.Release|Any CPU.Build.0 = Release|Any CPU
		{F297C2F3-5B17-4666-9D69-5A46934AFCE6}.Debug|Any CPU.ActiveCfg = Debug|Any CPU
		{F297C2F3-5B17-4666-9D69-5A46934AFCE6}.Debug|Any CPU.Build.0 = Debug|Any CPU
		{F297C2F3-5B17-4666-9D69-5A46934AFCE6}.Release|Any CPU.ActiveCfg = Release|Any CPU
		{F297C2F3-5B17-4666-9D69-5A46934AFCE6}.Release|Any CPU.Build.0 = Release|Any CPU
		{86C50023-94D0-4D51-8B36-D183C1E1C44E}.Debug|Any CPU.ActiveCfg = Debug|Any CPU
		{86C50023-94D0-4D51-8B36-D183C1E1C44E}.Debug|Any CPU.Build.0 = Debug|Any CPU
		{86C50023-94D0-4D51-8B36-D183C1E1C44E}.Release|Any CPU.ActiveCfg = Release|Any CPU
		{86C50023-94D0-4D51-8B36-D183C1E1C44E}.Release|Any CPU.Build.0 = Release|Any CPU
		{A2D073F8-58A6-41CE-B62C-2B1E058A44F1}.Debug|Any CPU.ActiveCfg = Debug|Any CPU
		{A2D073F8-58A6-41CE-B62C-2B1E058A44F1}.Debug|Any CPU.Build.0 = Debug|Any CPU
		{A2D073F8-58A6-41CE-B62C-2B1E058A44F1}.Release|Any CPU.ActiveCfg = Release|Any CPU
		{A2D073F8-58A6-41CE-B62C-2B1E058A44F1}.Release|Any CPU.Build.0 = Release|Any CPU
		{11B92E48-6C71-499C-BE89-7BBDFF5D9FAB}.Debug|Any CPU.ActiveCfg = Debug|Any CPU
		{11B92E48-6C71-499C-BE89-7BBDFF5D9FAB}.Debug|Any CPU.Build.0 = Debug|Any CPU
		{11B92E48-6C71-499C-BE89-7BBDFF5D9FAB}.Release|Any CPU.ActiveCfg = Release|Any CPU
		{11B92E48-6C71-499C-BE89-7BBDFF5D9FAB}.Release|Any CPU.Build.0 = Release|Any CPU
		{301B0FF2-E9AE-43E8-86C7-FAF6A3EF7D53}.Debug|Any CPU.ActiveCfg = Debug|Any CPU
		{301B0FF2-E9AE-43E8-86C7-FAF6A3EF7D53}.Debug|Any CPU.Build.0 = Debug|Any CPU
		{301B0FF2-E9AE-43E8-86C7-FAF6A3EF7D53}.Release|Any CPU.ActiveCfg = Release|Any CPU
		{301B0FF2-E9AE-43E8-86C7-FAF6A3EF7D53}.Release|Any CPU.Build.0 = Release|Any CPU
		{B73E8FCD-C3B8-443C-ACC9-45D72D173001}.Debug|Any CPU.ActiveCfg = Debug|Any CPU
		{B73E8FCD-C3B8-443C-ACC9-45D72D173001}.Debug|Any CPU.Build.0 = Debug|Any CPU
		{B73E8FCD-C3B8-443C-ACC9-45D72D173001}.Release|Any CPU.ActiveCfg = Release|Any CPU
		{B73E8FCD-C3B8-443C-ACC9-45D72D173001}.Release|Any CPU.Build.0 = Release|Any CPU
		{41417DD2-572C-41D3-B714-D2589B20B2A0}.Debug|Any CPU.ActiveCfg = Debug|Any CPU
		{41417DD2-572C-41D3-B714-D2589B20B2A0}.Debug|Any CPU.Build.0 = Debug|Any CPU
		{41417DD2-572C-41D3-B714-D2589B20B2A0}.Release|Any CPU.ActiveCfg = Release|Any CPU
		{41417DD2-572C-41D3-B714-D2589B20B2A0}.Release|Any CPU.Build.0 = Release|Any CPU
		{77B4FFB8-2848-42F3-A260-9465E7F1CEDC}.Debug|Any CPU.ActiveCfg = Debug|Any CPU
		{77B4FFB8-2848-42F3-A260-9465E7F1CEDC}.Debug|Any CPU.Build.0 = Debug|Any CPU
		{77B4FFB8-2848-42F3-A260-9465E7F1CEDC}.Release|Any CPU.ActiveCfg = Release|Any CPU
		{77B4FFB8-2848-42F3-A260-9465E7F1CEDC}.Release|Any CPU.Build.0 = Release|Any CPU
		{D3C29902-D856-4C64-B886-6CB3F8180BA1}.Debug|Any CPU.ActiveCfg = Debug|Any CPU
		{D3C29902-D856-4C64-B886-6CB3F8180BA1}.Debug|Any CPU.Build.0 = Debug|Any CPU
		{D3C29902-D856-4C64-B886-6CB3F8180BA1}.Release|Any CPU.ActiveCfg = Release|Any CPU
		{D3C29902-D856-4C64-B886-6CB3F8180BA1}.Release|Any CPU.Build.0 = Release|Any CPU
		{91545F90-94BC-4275-8976-58BCCA8A1212}.Debug|Any CPU.ActiveCfg = Debug|Any CPU
		{91545F90-94BC-4275-8976-58BCCA8A1212}.Debug|Any CPU.Build.0 = Debug|Any CPU
		{91545F90-94BC-4275-8976-58BCCA8A1212}.Release|Any CPU.ActiveCfg = Release|Any CPU
		{91545F90-94BC-4275-8976-58BCCA8A1212}.Release|Any CPU.Build.0 = Release|Any CPU
		{7C71DF12-2577-474E-91C2-FE46DC7A5DB5}.Debug|Any CPU.ActiveCfg = Debug|Any CPU
		{7C71DF12-2577-474E-91C2-FE46DC7A5DB5}.Debug|Any CPU.Build.0 = Debug|Any CPU
		{7C71DF12-2577-474E-91C2-FE46DC7A5DB5}.Release|Any CPU.ActiveCfg = Release|Any CPU
		{7C71DF12-2577-474E-91C2-FE46DC7A5DB5}.Release|Any CPU.Build.0 = Release|Any CPU
	EndGlobalSection
	GlobalSection(SolutionProperties) = preSolution
		HideSolutionNode = FALSE
	EndGlobalSection
EndGlobal
